
Microsoft Visual Studio Solution File, Format Version 12.00
# Visual Studio Version 16
VisualStudioVersion = 16.0.31019.35
MinimumVisualStudioVersion = 10.0.40219.1
Project("{FAE04EC0-301F-11D3-BF4B-00C04F79EFBC}") = "DisconnectedEnvironment", "DisconnectedEnvironment.csproj", "{4A05FDBD-97EA-4E7B-B8AC-5FE6B9F704A4}"
EndProject
Global
	GlobalSection(SolutionConfigurationPlatforms) = preSolution
		Debug|Any CPU = Debug|Any CPU
		Release|Any CPU = Release|Any CPU
	EndGlobalSection
	GlobalSection(ProjectConfigurationPlatforms) = postSolution
		{4A05FDBD-97EA-4E7B-B8AC-5FE6B9F704A4}.Debug|Any CPU.ActiveCfg = Debug|Any CPU
		{4A05FDBD-97EA-4E7B-B8AC-5FE6B9F704A4}.Debug|Any CPU.Build.0 = Debug|Any CPU
		{4A05FDBD-97EA-4E7B-B8AC-5FE6B9F704A4}.Release|Any CPU.ActiveCfg = Release|Any CPU
		{4A05FDBD-97EA-4E7B-B8AC-5FE6B9F704A4}.Release|Any CPU.Build.0 = Release|Any CPU
	EndGlobalSection
	GlobalSection(SolutionProperties) = preSolution
		HideSolutionNode = FALSE
	EndGlobalSection
	GlobalSection(ExtensibilityGlobals) = postSolution
		SolutionGuid = {28E22106-AAD7-4B3E-BAF6-CE31E7E2EB52}
	EndGlobalSection
EndGlobal
